// !$*UTF8*$!
{
	archiveVersion = 1;
	classes = {
	};
	objectVersion = 77;
	objects = {

/* Begin PBXContainerItemProxy section */
		846EFBD42E41D6A1004839C4 /* PBXContainerItemProxy */ = {
			isa = PBXContainerItemProxy;
			containerPortal = 846EFBBD2E41D6A0004839C4 /* Project object */;
			proxyType = 1;
			remoteGlobalIDString = 846EFBC42E41D6A0004839C4;
			remoteInfo = LLMTranslator_mac;
		};
		846EFBDE2E41D6A1004839C4 /* PBXContainerItemProxy */ = {
			isa = PBXContainerItemProxy;
			containerPortal = 846EFBBD2E41D6A0004839C4 /* Project object */;
			proxyType = 1;
			remoteGlobalIDString = 846EFBC42E41D6A0004839C4;
			remoteInfo = LLMTranslator_mac;
		};
/* End PBXContainerItemProxy section */

/* Begin PBXFileReference section */
		846EFBC52E41D6A0004839C4 /* LLMTranslator_mac.app */ = {isa = PBXFileReference; explicitFileType = wrapper.application; includeInIndex = 0; path = LLMTranslator_mac.app; sourceTree = BUILT_PRODUCTS_DIR; };
		846EFBD32E41D6A1004839C4 /* LLMTranslator_macTests.xctest */ = {isa = PBXFileReference; explicitFileType = wrapper.cfbundle; includeInIndex = 0; path = LLMTranslator_macTests.xctest; sourceTree = BUILT_PRODUCTS_DIR; };
		846EFBDD2E41D6A1004839C4 /* LLMTranslator_macUITests.xctest */ = {isa = PBXFileReference; explicitFileType = wrapper.cfbundle; includeInIndex = 0; path = LLMTranslator_macUITests.xctest; sourceTree = BUILT_PRODUCTS_DIR; };
/* End PBXFileReference section */

/* Begin PBXFileSystemSynchronizedRootGroup section */
		846EFBC72E41D6A0004839C4 /* LLMTranslator_mac */ = {
			isa = PBXFileSystemSynchronizedRootGroup;
			path = LLMTranslator_mac;
			sourceTree = "<group>";
		};
		846EFBD62E41D6A1004839C4 /* LLMTranslator_macTests */ = {
			isa = PBXFileSystemSynchronizedRootGroup;
			path = LLMTranslator_macTests;
			sourceTree = "<group>";
		};
		846EFBE02E41D6A1004839C4 /* LLMTranslator_macUITests */ = {
			isa = PBXFileSystemSynchronizedRootGroup;
			path = LLMTranslator_macUITests;
			sourceTree = "<group>";
		};
/* End PBXFileSystemSynchronizedRootGroup section */

/* Begin PBXFrameworksBuildPhase section */
		846EFBC22E41D6A0004839C4 /* Frameworks */ = {
			isa = PBXFrameworksBuildPhase;
			buildActionMask = 2147483647;
			files = (
			);
			runOnlyForDeploymentPostprocessing = 0;
		};
		846EFBD02E41D6A1004839C4 /* Frameworks */ = {
			isa = PBXFrameworksBuildPhase;
			buildActionMask = 2147483647;
			files = (
			);
			runOnlyForDeploymentPostprocessing = 0;
		};
		846EFBDA2E41D6A1004839C4 /* Frameworks */ = {
			isa = PBXFrameworksBuildPhase;
			buildActionMask = 2147483647;
			files = (
			);
			runOnlyForDeploymentPostprocessing = 0;
		};
/* End PBXFrameworksBuildPhase section */

/* Begin PBXGroup section */
		846EFBBC2E41D6A0004839C4 = {
			isa = PBXGroup;
			children = (
				846EFBC72E41D6A0004839C4 /* LLMTranslator_mac */,
				846EFBD62E41D6A1004839C4 /* LLMTranslator_macTests */,
				846EFBE02E41D6A1004839C4 /* LLMTranslator_macUITests */,
				846EFBC62E41D6A0004839C4 /* Products */,
			);
			sourceTree = "<group>";
		};
		846EFBC62E41D6A0004839C4 /* Products */ = {
			isa = PBXGroup;
			children = (
				846EFBC52E41D6A0004839C4 /* LLMTranslator_mac.app */,
				846EFBD32E41D6A1004839C4 /* LLMTranslator_macTests.xctest */,
				846EFBDD2E41D6A1004839C4 /* LLMTranslator_macUITests.xctest */,
			);
			name = Products;
			sourceTree = "<group>";
		};
/* End PBXGroup section */

/* Begin PBXNativeTarget section */
		846EFBC42E41D6A0004839C4 /* LLMTranslator_mac */ = {
			isa = PBXNativeTarget;
			buildConfigurationList = 846EFBE72E41D6A1004839C4 /* Build configuration list for PBXNativeTarget "LLMTranslator_mac" */;
			buildPhases = (
				846EFBC12E41D6A0004839C4 /* Sources */,
				846EFBC22E41D6A0004839C4 /* Frameworks */,
				846EFBC32E41D6A0004839C4 /* Resources */,
			);
			buildRules = (
			);
			dependencies = (
			);
			fileSystemSynchronizedGroups = (
				846EFBC72E41D6A0004839C4 /* LLMTranslator_mac */,
			);
			name = LLMTranslator_mac;
			packageProductDependencies = (
			);
			productName = LLMTranslator_mac;
			productReference = 846EFBC52E41D6A0004839C4 /* LLMTranslator_mac.app */;
			productType = "com.apple.product-type.application";
		};
		846EFBD22E41D6A1004839C4 /* LLMTranslator_macTests */ = {
			isa = PBXNativeTarget;
			buildConfigurationList = 846EFBEA2E41D6A1004839C4 /* Build configuration list for PBXNativeTarget "LLMTranslator_macTests" */;
			buildPhases = (
				846EFBCF2E41D6A1004839C4 /* Sources */,
				846EFBD02E41D6A1004839C4 /* Frameworks */,
				846EFBD12E41D6A1004839C4 /* Resources */,
			);
			buildRules = (
			);
			dependencies = (
				846EFBD52E41D6A1004839C4 /* PBXTargetDependency */,
			);
			fileSystemSynchronizedGroups = (
				846EFBD62E41D6A1004839C4 /* LLMTranslator_macTests */,
			);
			name = LLMTranslator_macTests;
			packageProductDependencies = (
			);
			productName = LLMTranslator_macTests;
			productReference = 846EFBD32E41D6A1004839C4 /* LLMTranslator_macTests.xctest */;
			productType = "com.apple.product-type.bundle.unit-test";
		};
		846EFBDC2E41D6A1004839C4 /* LLMTranslator_macUITests */ = {
			isa = PBXNativeTarget;
			buildConfigurationList = 846EFBED2E41D6A1004839C4 /* Build configuration list for PBXNativeTarget "LLMTranslator_macUITests" */;
			buildPhases = (
				846EFBD92E41D6A1004839C4 /* Sources */,
				846EFBDA2E41D6A1004839C4 /* Frameworks */,
				846EFBDB2E41D6A1004839C4 /* Resources */,
			);
			buildRules = (
			);
			dependencies = (
				846EFBDF2E41D6A1004839C4 /* PBXTargetDependency */,
			);
			fileSystemSynchronizedGroups = (
				846EFBE02E41D6A1004839C4 /* LLMTranslator_macUITests */,
			);
			name = LLMTranslator_macUITests;
			packageProductDependencies = (
			);
			productName = LLMTranslator_macUITests;
			productReference = 846EFBDD2E41D6A1004839C4 /* LLMTranslator_macUITests.xctest */;
			productType = "com.apple.product-type.bundle.ui-testing";
		};
/* End PBXNativeTarget section */

/* Begin PBXProject section */
		846EFBBD2E41D6A0004839C4 /* Project object */ = {
			isa = PBXProject;
			attributes = {
				BuildIndependentTargetsInParallel = 1;
				LastSwiftUpdateCheck = 1630;
				LastUpgradeCheck = 1630;
				TargetAttributes = {
					846EFBC42E41D6A0004839C4 = {
						CreatedOnToolsVersion = 16.3;
					};
					846EFBD22E41D6A1004839C4 = {
						CreatedOnToolsVersion = 16.3;
						TestTargetID = 846EFBC42E41D6A0004839C4;
					};
					846EFBDC2E41D6A1004839C4 = {
						CreatedOnToolsVersion = 16.3;
						TestTargetID = 846EFBC42E41D6A0004839C4;
					};
				};
			};
			buildConfigurationList = 846EFBC02E41D6A0004839C4 /* Build configuration list for PBXProject "LLMTranslator_mac" */;
			developmentRegion = en;
			hasScannedForEncodings = 0;
			knownRegions = (
				en,
				Base,
			);
			mainGroup = 846EFBBC2E41D6A0004839C4;
			minimizedProjectReferenceProxies = 1;
			preferredProjectObjectVersion = 77;
			productRefGroup = 846EFBC62E41D6A0004839C4 /* Products */;
			projectDirPath = "";
			projectRoot = "";
			targets = (
				846EFBC42E41D6A0004839C4 /* LLMTranslator_mac */,
				846EFBD22E41D6A1004839C4 /* LLMTranslator_macTests */,
				846EFBDC2E41D6A1004839C4 /* LLMTranslator_macUITests */,
			);
		};
/* End PBXProject section */

/* Begin PBXResourcesBuildPhase section */
		846EFBC32E41D6A0004839C4 /* Resources */ = {
			isa = PBXResourcesBuildPhase;
			buildActionMask = 2147483647;
			files = (
			);
			runOnlyForDeploymentPostprocessing = 0;
		};
		846EFBD12E41D6A1004839C4 /* Resources */ = {
			isa = PBXResourcesBuildPhase;
			buildActionMask = 2147483647;
			files = (
			);
			runOnlyForDeploymentPostprocessing = 0;
		};
		846EFBDB2E41D6A1004839C4 /* Resources */ = {
			isa = PBXResourcesBuildPhase;
			buildActionMask = 2147483647;
			files = (
			);
			runOnlyForDeploymentPostprocessing = 0;
		};
/* End PBXResourcesBuildPhase section */

/* Begin PBXSourcesBuildPhase section */
		846EFBC12E41D6A0004839C4 /* Sources */ = {
			isa = PBXSourcesBuildPhase;
			buildActionMask = 2147483647;
			files = (
			);
			runOnlyForDeploymentPostprocessing = 0;
		};
		846EFBCF2E41D6A1004839C4 /* Sources */ = {
			isa = PBXSourcesBuildPhase;
			buildActionMask = 2147483647;
			files = (
			);
			runOnlyForDeploymentPostprocessing = 0;
		};
		846EFBD92E41D6A1004839C4 /* Sources */ = {
			isa = PBXSourcesBuildPhase;
			buildActionMask = 2147483647;
			files = (
			);
			runOnlyForDeploymentPostprocessing = 0;
		};
/* End PBXSourcesBuildPhase section */

/* Begin PBXTargetDependency section */
		846EFBD52E41D6A1004839C4 /* PBXTargetDependency */ = {
			isa = PBXTargetDependency;
			target = 846EFBC42E41D6A0004839C4 /* LLMTranslator_mac */;
			targetProxy = 846EFBD42E41D6A1004839C4 /* PBXContainerItemProxy */;
		};
		846EFBDF2E41D6A1004839C4 /* PBXTargetDependency */ = {
			isa = PBXTargetDependency;
			target = 846EFBC42E41D6A0004839C4 /* LLMTranslator_mac */;
			targetProxy = 846EFBDE2E41D6A1004839C4 /* PBXContainerItemProxy */;
		};
/* End PBXTargetDependency section */

/* Begin XCBuildConfiguration section */
		846EFBE52E41D6A1004839C4 /* Debug */ = {
			isa = XCBuildConfiguration;
			buildSettings = {
				ALWAYS_SEARCH_USER_PATHS = NO;
				ASSETCATALOG_COMPILER_GENERATE_SWIFT_ASSET_SYMBOL_EXTENSIONS = YES;
				CLANG_ANALYZER_NONNULL = YES;
				CLANG_ANALYZER_NUMBER_OBJECT_CONVERSION = YES_AGGRESSIVE;
				CLANG_CXX_LANGUAGE_STANDARD = "gnu++20";
				CLANG_ENABLE_MODULES = YES;
				CLANG_ENABLE_OBJC_ARC = YES;
				CLANG_ENABLE_OBJC_WEAK = YES;
				CLANG_WARN_BLOCK_CAPTURE_AUTORELEASING = YES;
				CLANG_WARN_BOOL_CONVERSION = YES;
				CLANG_WARN_COMMA = YES;
				CLANG_WARN_CONSTANT_CONVERSION = YES;
				CLANG_WARN_DEPRECATED_OBJC_IMPLEMENTATIONS = YES;
				CLANG_WARN_DIRECT_OBJC_ISA_USAGE = YES_ERROR;
				CLANG_WARN_DOCUMENTATION_COMMENTS = YES;
				CLANG_WARN_EMPTY_BODY = YES;
				CLANG_WARN_ENUM_CONVERSION = YES;
				CLANG_WARN_INFINITE_RECURSION = YES;
				CLANG_WARN_INT_CONVERSION = YES;
				CLANG_WARN_NON_LITERAL_NULL_CONVERSION = YES;
				CLANG_WARN_OBJC_IMPLICIT_RETAIN_SELF = YES;
				CLANG_WARN_OBJC_LITERAL_CONVERSION = YES;
				CLANG_WARN_OBJC_ROOT_CLASS = YES_ERROR;
				CLANG_WARN_QUOTED_INCLUDE_IN_FRAMEWORK_HEADER = YES;
				CLANG_WARN_RANGE_LOOP_ANALYSIS = YES;
				CLANG_WARN_STRICT_PROTOTYPES = YES;
				CLANG_WARN_SUSPICIOUS_MOVE = YES;
				CLANG_WARN_UNGUARDED_AVAILABILITY = YES_AGGRESSIVE;
				CLANG_WARN_UNREACHABLE_CODE = YES;
				CLANG_WARN__DUPLICATE_METHOD_MATCH = YES;
				COPY_PHASE_STRIP = NO;
				DEBUG_INFORMATION_FORMAT = dwarf;
				ENABLE_STRICT_OBJC_MSGSEND = YES;
				ENABLE_TESTABILITY = YES;
				ENABLE_USER_SCRIPT_SANDBOXING = YES;
				GCC_C_LANGUAGE_STANDARD = gnu17;
				GCC_DYNAMIC_NO_PIC = NO;
				GCC_NO_COMMON_BLOCKS = YES;
				GCC_OPTIMIZATION_LEVEL = 0;
				GCC_PREPROCESSOR_DEFINITIONS = (
					"DEBUG=1",
					"$(inherited)",
				);
				GCC_WARN_64_TO_32_BIT_CONVERSION = YES;
				GCC_WARN_ABOUT_RETURN_TYPE = YES_ERROR;
				GCC_WARN_UNDECLARED_SELECTOR = YES;
				GCC_WARN_UNINITIALIZED_AUTOS = YES_AGGRESSIVE;
				GCC_WARN_UNUSED_FUNCTION = YES;
				GCC_WARN_UNUSED_VARIABLE = YES;
				LOCALIZATION_PREFERS_STRING_CATALOGS = YES;
				MACOSX_DEPLOYMENT_TARGET = 15.4;
				MTL_ENABLE_DEBUG_INFO = INCLUDE_SOURCE;
				MTL_FAST_MATH = YES;
				ONLY_ACTIVE_ARCH = YES;
				SDKROOT = macosx;
				SWIFT_ACTIVE_COMPILATION_CONDITIONS = "DEBUG $(inherited)";
				SWIFT_OPTIMIZATION_LEVEL = "-Onone";
			};
			name = Debug;
		};
		846EFBE62E41D6A1004839C4 /* Release */ = {
			isa = XCBuildConfiguration;
			buildSettings = {
				ALWAYS_SEARCH_USER_PATHS = NO;
				ASSETCATALOG_COMPILER_GENERATE_SWIFT_ASSET_SYMBOL_EXTENSIONS = YES;
				CLANG_ANALYZER_NONNULL = YES;
				CLANG_ANALYZER_NUMBER_OBJECT_CONVERSION = YES_AGGRESSIVE;
				CLANG_CXX_LANGUAGE_STANDARD = "gnu++20";
				CLANG_ENABLE_MODULES = YES;
				CLANG_ENABLE_OBJC_ARC = YES;
				CLANG_ENABLE_OBJC_WEAK = YES;
				CLANG_WARN_BLOCK_CAPTURE_AUTORELEASING = YES;
				CLANG_WARN_BOOL_CONVERSION = YES;
				CLANG_WARN_COMMA = YES;
				CLANG_WARN_CONSTANT_CONVERSION = YES;
				CLANG_WARN_DEPRECATED_OBJC_IMPLEMENTATIONS = YES;
				CLANG_WARN_DIRECT_OBJC_ISA_USAGE = YES_ERROR;
				CLANG_WARN_DOCUMENTATION_COMMENTS = YES;
				CLANG_WARN_EMPTY_BODY = YES;
				CLANG_WARN_ENUM_CONVERSION = YES;
				CLANG_WARN_INFINITE_RECURSION = YES;
				CLANG_WARN_INT_CONVERSION = YES;
				CLANG_WARN_NON_LITERAL_NULL_CONVERSION = YES;
				CLANG_WARN_OBJC_IMPLICIT_RETAIN_SELF = YES;
				CLANG_WARN_OBJC_LITERAL_CONVERSION = YES;
				CLANG_WARN_OBJC_ROOT_CLASS = YES_ERROR;
				CLANG_WARN_QUOTED_INCLUDE_IN_FRAMEWORK_HEADER = YES;
				CLANG_WARN_RANGE_LOOP_ANALYSIS = YES;
				CLANG_WARN_STRICT_PROTOTYPES = YES;
				CLANG_WARN_SUSPICIOUS_MOVE = YES;
				CLANG_WARN_UNGUARDED_AVAILABILITY = YES_AGGRESSIVE;
				CLANG_WARN_UNREACHABLE_CODE = YES;
				CLANG_WARN__DUPLICATE_METHOD_MATCH = YES;
				COPY_PHASE_STRIP = NO;
				DEBUG_INFORMATION_FORMAT = "dwarf-with-dsym";
				ENABLE_NS_ASSERTIONS = NO;
				ENABLE_STRICT_OBJC_MSGSEND = YES;
				ENABLE_USER_SCRIPT_SANDBOXING = YES;
				GCC_C_LANGUAGE_STANDARD = gnu17;
				GCC_NO_COMMON_BLOCKS = YES;
				GCC_WARN_64_TO_32_BIT_CONVERSION = YES;
				GCC_WARN_ABOUT_RETURN_TYPE = YES_ERROR;
				GCC_WARN_UNDECLARED_SELECTOR = YES;
				GCC_WARN_UNINITIALIZED_AUTOS = YES_AGGRESSIVE;
				GCC_WARN_UNUSED_FUNCTION = YES;
				GCC_WARN_UNUSED_VARIABLE = YES;
				LOCALIZATION_PREFERS_STRING_CATALOGS = YES;
				MACOSX_DEPLOYMENT_TARGET = 15.4;
				MTL_ENABLE_DEBUG_INFO = NO;
				MTL_FAST_MATH = YES;
				SDKROOT = macosx;
				SWIFT_COMPILATION_MODE = wholemodule;
			};
			name = Release;
		};
		846EFBE82E41D6A1004839C4 /* Debug */ = {
			isa = XCBuildConfiguration;
			buildSettings = {
				ASSETCATALOG_COMPILER_APPICON_NAME = AppIcon;
				ASSETCATALOG_COMPILER_GLOBAL_ACCENT_COLOR_NAME = AccentColor;
				CODE_SIGN_ENTITLEMENTS = LLMTranslator_mac/LLMTranslator_mac.entitlements;
				CODE_SIGN_STYLE = Automatic;
				COMBINE_HIDPI_IMAGES = YES;
				CURRENT_PROJECT_VERSION = 1;
				ENABLE_PREVIEWS = YES;
				GENERATE_INFOPLIST_FILE = YES;
				INFOPLIST_KEY_NSHumanReadableCopyright = "";
				LD_RUNPATH_SEARCH_PATHS = (
					"$(inherited)",
					"@executable_path/../Frameworks",
				);
				MARKETING_VERSION = 1.0;
				PRODUCT_BUNDLE_IDENTIFIER = "NoNameCompany.LLMTranslator-mac";
				PRODUCT_NAME = "$(TARGET_NAME)";
				REGISTER_APP_GROUPS = YES;
				SWIFT_EMIT_LOC_STRINGS = YES;
				SWIFT_VERSION = 5.0;
			};
			name = Debug;
		};
		846EFBE92E41D6A1004839C4 /* Release */ = {
			isa = XCBuildConfiguration;
			buildSettings = {
				ASSETCATALOG_COMPILER_APPICON_NAME = AppIcon;
				ASSETCATALOG_COMPILER_GLOBAL_ACCENT_COLOR_NAME = AccentColor;
				CODE_SIGN_ENTITLEMENTS = LLMTranslator_mac/LLMTranslator_mac.entitlements;
				CODE_SIGN_STYLE = Automatic;
				COMBINE_HIDPI_IMAGES = YES;
				CURRENT_PROJECT_VERSION = 1;
				ENABLE_PREVIEWS = YES;
				GENERATE_INFOPLIST_FILE = YES;
				INFOPLIST_KEY_NSHumanReadableCopyright = "";
				LD_RUNPATH_SEARCH_PATHS = (
					"$(inherited)",
					"@executable_path/../Frameworks",
				);
				MARKETING_VERSION = 1.0;
				PRODUCT_BUNDLE_IDENTIFIER = "NoNameCompany.LLMTranslator-mac";
				PRODUCT_NAME = "$(TARGET_NAME)";
				REGISTER_APP_GROUPS = YES;
				SWIFT_EMIT_LOC_STRINGS = YES;
				SWIFT_VERSION = 5.0;
			};
			name = Release;
		};
		846EFBEB2E41D6A1004839C4 /* Debug */ = {
			isa = XCBuildConfiguration;
			buildSettings = {
				BUNDLE_LOADER = "$(TEST_HOST)";
				CODE_SIGN_STYLE = Automatic;
				CURRENT_PROJECT_VERSION = 1;
				GENERATE_INFOPLIST_FILE = YES;
				MACOSX_DEPLOYMENT_TARGET = 15.4;
				MARKETING_VERSION = 1.0;
				PRODUCT_BUNDLE_IDENTIFIER = "NoNameCompany.LLMTranslator-macTests";
				PRODUCT_NAME = "$(TARGET_NAME)";
				SWIFT_EMIT_LOC_STRINGS = NO;
				SWIFT_VERSION = 5.0;
				TEST_HOST = "$(BUILT_PRODUCTS_DIR)/LLMTranslator_mac.app/$(BUNDLE_EXECUTABLE_FOLDER_PATH)/LLMTranslator_mac";
			};
			name = Debug;
		};
		846EFBEC2E41D6A1004839C4 /* Release */ = {
			isa = XCBuildConfiguration;
			buildSettings = {
				BUNDLE_LOADER = "$(TEST_HOST)";
				CODE_SIGN_STYLE = Automatic;
				CURRENT_PROJECT_VERSION = 1;
				GENERATE_INFOPLIST_FILE = YES;
				MACOSX_DEPLOYMENT_TARGET = 15.4;
				MARKETING_VERSION = 1.0;
				PRODUCT_BUNDLE_IDENTIFIER = "NoNameCompany.LLMTranslator-macTests";
				PRODUCT_NAME = "$(TARGET_NAME)";
				SWIFT_EMIT_LOC_STRINGS = NO;
				SWIFT_VERSION = 5.0;
				TEST_HOST = "$(BUILT_PRODUCTS_DIR)/LLMTranslator_mac.app/$(BUNDLE_EXECUTABLE_FOLDER_PATH)/LLMTranslator_mac";
			};
			name = Release;
		};
		846EFBEE2E41D6A1004839C4 /* Debug */ = {
			isa = XCBuildConfiguration;
			buildSettings = {
				CODE_SIGN_STYLE = Automatic;
				CURRENT_PROJECT_VERSION = 1;
				GENERATE_INFOPLIST_FILE = YES;
				MARKETING_VERSION = 1.0;
				PRODUCT_BUNDLE_IDENTIFIER = "NoNameCompany.LLMTranslator-macUITests";
				PRODUCT_NAME = "$(TARGET_NAME)";
				SWIFT_EMIT_LOC_STRINGS = NO;
				SWIFT_VERSION = 5.0;
				TEST_TARGET_NAME = LLMTranslator_mac;
			};
			name = Debug;
		};
		846EFBEF2E41D6A1004839C4 /* Release */ = {
			isa = XCBuildConfiguration;
			buildSettings = {
				CODE_SIGN_STYLE = Automatic;
				CURRENT_PROJECT_VERSION = 1;
				GENERATE_INFOPLIST_FILE = YES;
				MARKETING_VERSION = 1.0;
				PRODUCT_BUNDLE_IDENTIFIER = "NoNameCompany.LLMTranslator-macUITests";
				PRODUCT_NAME = "$(TARGET_NAME)";
				SWIFT_EMIT_LOC_STRINGS = NO;
				SWIFT_VERSION = 5.0;
				TEST_TARGET_NAME = LLMTranslator_mac;
			};
			name = Release;
		};
/* End XCBuildConfiguration section */

/* Begin XCConfigurationList section */
		846EFBC02E41D6A0004839C4 /* Build configuration list for PBXProject "LLMTranslator_mac" */ = {
			isa = XCConfigurationList;
			buildConfigurations = (
				846EFBE52E41D6A1004839C4 /* Debug */,
				846EFBE62E41D6A1004839C4 /* Release */,
			);
			defaultConfigurationIsVisible = 0;
			defaultConfigurationName = Release;
		};
		846EFBE72E41D6A1004839C4 /* Build configuration list for PBXNativeTarget "LLMTranslator_mac" */ = {
			isa = XCConfigurationList;
			buildConfigurations = (
				846EFBE82E41D6A1004839C4 /* Debug */,
				846EFBE92E41D6A1004839C4 /* Release */,
			);
			defaultConfigurationIsVisible = 0;
			defaultConfigurationName = Release;
		};
		846EFBEA2E41D6A1004839C4 /* Build configuration list for PBXNativeTarget "LLMTranslator_macTests" */ = {
			isa = XCConfigurationList;
			buildConfigurations = (
				846EFBEB2E41D6A1004839C4 /* Debug */,
				846EFBEC2E41D6A1004839C4 /* Release */,
			);
			defaultConfigurationIsVisible = 0;
			defaultConfigurationName = Release;
		};
		846EFBED2E41D6A1004839C4 /* Build configuration list for PBXNativeTarget "LLMTranslator_macUITests" */ = {
			isa = XCConfigurationList;
			buildConfigurations = (
				846EFBEE2E41D6A1004839C4 /* Debug */,
				846EFBEF2E41D6A1004839C4 /* Release */,
			);
			defaultConfigurationIsVisible = 0;
			defaultConfigurationName = Release;
		};
/* End XCConfigurationList section */
	};
	rootObject = 846EFBBD2E41D6A0004839C4 /* Project object */;
}
